// !$*UTF8*$!
{
	archiveVersion = 1;
	classes = {
	};
	objectVersion = 50;
	objects = {

/* Begin PBXBuildFile section */
		02E40725ADD25CFCBC65DC6F /* Pods_DailyDnDTests.framework in Frameworks */ = {isa = PBXBuildFile; fileRef = 3125AF5E935F0AD3F3FF4563 /* Pods_DailyDnDTests.framework */; };
		6A4DADFC5E65B463EFA76269 /* Pods_DailyDnDUITests.framework in Frameworks */ = {isa = PBXBuildFile; fileRef = 2537CA248BD522D999F59C9E /* Pods_DailyDnDUITests.framework */; };
		750DCC9B21BB2D4A00A8EDBD /* NotificationsScheduler.swift in Sources */ = {isa = PBXBuildFile; fileRef = 750DCC9A21BB2D4A00A8EDBD /* NotificationsScheduler.swift */; };
		75BD54D421B9F92F003ABD1A /* AppDelegate.swift in Sources */ = {isa = PBXBuildFile; fileRef = 75BD54D321B9F92F003ABD1A /* AppDelegate.swift */; };
		75BD54D621B9F92F003ABD1A /* IntroViewController.swift in Sources */ = {isa = PBXBuildFile; fileRef = 75BD54D521B9F92F003ABD1A /* IntroViewController.swift */; };
		75BD54D921B9F92F003ABD1A /* Main.storyboard in Resources */ = {isa = PBXBuildFile; fileRef = 75BD54D721B9F92F003ABD1A /* Main.storyboard */; };
		75BD54DB21B9F92F003ABD1A /* Assets.xcassets in Resources */ = {isa = PBXBuildFile; fileRef = 75BD54DA21B9F92F003ABD1A /* Assets.xcassets */; };
		75BD54DE21B9F92F003ABD1A /* LaunchScreen.storyboard in Resources */ = {isa = PBXBuildFile; fileRef = 75BD54DC21B9F92F003ABD1A /* LaunchScreen.storyboard */; };
		75BD54E921B9F92F003ABD1A /* DailyDnDTests.swift in Sources */ = {isa = PBXBuildFile; fileRef = 75BD54E821B9F92F003ABD1A /* DailyDnDTests.swift */; };
		75BD54F421B9F92F003ABD1A /* DailyDnDUITests.swift in Sources */ = {isa = PBXBuildFile; fileRef = 75BD54F321B9F92F003ABD1A /* DailyDnDUITests.swift */; };
		75BD550221BA008B003ABD1A /* CategoriesViewController.swift in Sources */ = {isa = PBXBuildFile; fileRef = 75BD550121BA008B003ABD1A /* CategoriesViewController.swift */; };
		75BD550421BA0970003ABD1A /* CategoryCell.swift in Sources */ = {isa = PBXBuildFile; fileRef = 75BD550321BA0970003ABD1A /* CategoryCell.swift */; };
		DB024A95BB5B0D3D0B155089 /* Pods_DailyDnD.framework in Frameworks */ = {isa = PBXBuildFile; fileRef = 4D3EC83B06CA9F23BB758E00 /* Pods_DailyDnD.framework */; };
/* End PBXBuildFile section */

/* Begin PBXContainerItemProxy section */
		75BD54E521B9F92F003ABD1A /* PBXContainerItemProxy */ = {
			isa = PBXContainerItemProxy;
			containerPortal = 75BD54C821B9F92F003ABD1A /* Project object */;
			proxyType = 1;
			remoteGlobalIDString = 75BD54CF21B9F92F003ABD1A;
			remoteInfo = DailyDnD;
		};
		75BD54F021B9F92F003ABD1A /* PBXContainerItemProxy */ = {
			isa = PBXContainerItemProxy;
			containerPortal = 75BD54C821B9F92F003ABD1A /* Project object */;
			proxyType = 1;
			remoteGlobalIDString = 75BD54CF21B9F92F003ABD1A;
			remoteInfo = DailyDnD;
		};
/* End PBXContainerItemProxy section */

/* Begin PBXFileReference section */
		01F85F161113E254A30789AA /* Pods-DailyDnDUITests.release.xcconfig */ = {isa = PBXFileReference; includeInIndex = 1; lastKnownFileType = text.xcconfig; name = "Pods-DailyDnDUITests.release.xcconfig"; path = "Pods/Target Support Files/Pods-DailyDnDUITests/Pods-DailyDnDUITests.release.xcconfig"; sourceTree = "<group>"; };
		1713B9A4644F1E33185A8D86 /* Pods-DailyDnDTests.debug.xcconfig */ = {isa = PBXFileReference; includeInIndex = 1; lastKnownFileType = text.xcconfig; name = "Pods-DailyDnDTests.debug.xcconfig"; path = "Pods/Target Support Files/Pods-DailyDnDTests/Pods-DailyDnDTests.debug.xcconfig"; sourceTree = "<group>"; };
		24F375FB6313341A1E2EFB5E /* Pods-DailyDnDTests.release.xcconfig */ = {isa = PBXFileReference; includeInIndex = 1; lastKnownFileType = text.xcconfig; name = "Pods-DailyDnDTests.release.xcconfig"; path = "Pods/Target Support Files/Pods-DailyDnDTests/Pods-DailyDnDTests.release.xcconfig"; sourceTree = "<group>"; };
		2537CA248BD522D999F59C9E /* Pods_DailyDnDUITests.framework */ = {isa = PBXFileReference; explicitFileType = wrapper.framework; includeInIndex = 0; path = Pods_DailyDnDUITests.framework; sourceTree = BUILT_PRODUCTS_DIR; };
		3125AF5E935F0AD3F3FF4563 /* Pods_DailyDnDTests.framework */ = {isa = PBXFileReference; explicitFileType = wrapper.framework; includeInIndex = 0; path = Pods_DailyDnDTests.framework; sourceTree = BUILT_PRODUCTS_DIR; };
		3B4D7F6620C9891AB77DE837 /* Pods-DailyDnD.debug.xcconfig */ = {isa = PBXFileReference; includeInIndex = 1; lastKnownFileType = text.xcconfig; name = "Pods-DailyDnD.debug.xcconfig"; path = "Pods/Target Support Files/Pods-DailyDnD/Pods-DailyDnD.debug.xcconfig"; sourceTree = "<group>"; };
		43FC57BC16E82A566844D15D /* Pods-DailyDnDUITests.debug.xcconfig */ = {isa = PBXFileReference; includeInIndex = 1; lastKnownFileType = text.xcconfig; name = "Pods-DailyDnDUITests.debug.xcconfig"; path = "Pods/Target Support Files/Pods-DailyDnDUITests/Pods-DailyDnDUITests.debug.xcconfig"; sourceTree = "<group>"; };
		4D3EC83B06CA9F23BB758E00 /* Pods_DailyDnD.framework */ = {isa = PBXFileReference; explicitFileType = wrapper.framework; includeInIndex = 0; path = Pods_DailyDnD.framework; sourceTree = BUILT_PRODUCTS_DIR; };
		750DCC9A21BB2D4A00A8EDBD /* NotificationsScheduler.swift */ = {isa = PBXFileReference; lastKnownFileType = sourcecode.swift; path = NotificationsScheduler.swift; sourceTree = "<group>"; };
		75BD54D021B9F92F003ABD1A /* DailyDnD.app */ = {isa = PBXFileReference; explicitFileType = wrapper.application; includeInIndex = 0; path = DailyDnD.app; sourceTree = BUILT_PRODUCTS_DIR; };
		75BD54D321B9F92F003ABD1A /* AppDelegate.swift */ = {isa = PBXFileReference; lastKnownFileType = sourcecode.swift; path = AppDelegate.swift; sourceTree = "<group>"; };
		75BD54D521B9F92F003ABD1A /* IntroViewController.swift */ = {isa = PBXFileReference; lastKnownFileType = sourcecode.swift; path = IntroViewController.swift; sourceTree = "<group>"; };
		75BD54D821B9F92F003ABD1A /* Base */ = {isa = PBXFileReference; lastKnownFileType = file.storyboard; name = Base; path = Base.lproj/Main.storyboard; sourceTree = "<group>"; };
		75BD54DA21B9F92F003ABD1A /* Assets.xcassets */ = {isa = PBXFileReference; lastKnownFileType = folder.assetcatalog; path = Assets.xcassets; sourceTree = "<group>"; };
		75BD54DD21B9F92F003ABD1A /* Base */ = {isa = PBXFileReference; lastKnownFileType = file.storyboard; name = Base; path = Base.lproj/LaunchScreen.storyboard; sourceTree = "<group>"; };
		75BD54DF21B9F92F003ABD1A /* Info.plist */ = {isa = PBXFileReference; lastKnownFileType = text.plist.xml; path = Info.plist; sourceTree = "<group>"; };
		75BD54E421B9F92F003ABD1A /* DailyDnDTests.xctest */ = {isa = PBXFileReference; explicitFileType = wrapper.cfbundle; includeInIndex = 0; path = DailyDnDTests.xctest; sourceTree = BUILT_PRODUCTS_DIR; };
		75BD54E821B9F92F003ABD1A /* DailyDnDTests.swift */ = {isa = PBXFileReference; lastKnownFileType = sourcecode.swift; path = DailyDnDTests.swift; sourceTree = "<group>"; };
		75BD54EA21B9F92F003ABD1A /* Info.plist */ = {isa = PBXFileReference; lastKnownFileType = text.plist.xml; path = Info.plist; sourceTree = "<group>"; };
		75BD54EF21B9F92F003ABD1A /* DailyDnDUITests.xctest */ = {isa = PBXFileReference; explicitFileType = wrapper.cfbundle; includeInIndex = 0; path = DailyDnDUITests.xctest; sourceTree = BUILT_PRODUCTS_DIR; };
		75BD54F321B9F92F003ABD1A /* DailyDnDUITests.swift */ = {isa = PBXFileReference; lastKnownFileType = sourcecode.swift; path = DailyDnDUITests.swift; sourceTree = "<group>"; };
		75BD54F521B9F92F003ABD1A /* Info.plist */ = {isa = PBXFileReference; lastKnownFileType = text.plist.xml; path = Info.plist; sourceTree = "<group>"; };
		75BD550121BA008B003ABD1A /* CategoriesViewController.swift */ = {isa = PBXFileReference; lastKnownFileType = sourcecode.swift; path = CategoriesViewController.swift; sourceTree = "<group>"; };
		75BD550321BA0970003ABD1A /* CategoryCell.swift */ = {isa = PBXFileReference; lastKnownFileType = sourcecode.swift; path = CategoryCell.swift; sourceTree = "<group>"; };
		D48CCDC5669816E776FAA8C1 /* Pods-DailyDnD.release.xcconfig */ = {isa = PBXFileReference; includeInIndex = 1; lastKnownFileType = text.xcconfig; name = "Pods-DailyDnD.release.xcconfig"; path = "Pods/Target Support Files/Pods-DailyDnD/Pods-DailyDnD.release.xcconfig"; sourceTree = "<group>"; };
/* End PBXFileReference section */

/* Begin PBXFrameworksBuildPhase section */
		75BD54CD21B9F92F003ABD1A /* Frameworks */ = {
			isa = PBXFrameworksBuildPhase;
			buildActionMask = 2147483647;
			files = (
				DB024A95BB5B0D3D0B155089 /* Pods_DailyDnD.framework in Frameworks */,
			);
			runOnlyForDeploymentPostprocessing = 0;
		};
		75BD54E121B9F92F003ABD1A /* Frameworks */ = {
			isa = PBXFrameworksBuildPhase;
			buildActionMask = 2147483647;
			files = (
				02E40725ADD25CFCBC65DC6F /* Pods_DailyDnDTests.framework in Frameworks */,
			);
			runOnlyForDeploymentPostprocessing = 0;
		};
		75BD54EC21B9F92F003ABD1A /* Frameworks */ = {
			isa = PBXFrameworksBuildPhase;
			buildActionMask = 2147483647;
			files = (
				6A4DADFC5E65B463EFA76269 /* Pods_DailyDnDUITests.framework in Frameworks */,
			);
			runOnlyForDeploymentPostprocessing = 0;
		};
/* End PBXFrameworksBuildPhase section */

/* Begin PBXGroup section */
		1B268E37EA107DD6677BB272 /* Pods */ = {
			isa = PBXGroup;
			children = (
				3B4D7F6620C9891AB77DE837 /* Pods-DailyDnD.debug.xcconfig */,
				D48CCDC5669816E776FAA8C1 /* Pods-DailyDnD.release.xcconfig */,
				1713B9A4644F1E33185A8D86 /* Pods-DailyDnDTests.debug.xcconfig */,
				24F375FB6313341A1E2EFB5E /* Pods-DailyDnDTests.release.xcconfig */,
				43FC57BC16E82A566844D15D /* Pods-DailyDnDUITests.debug.xcconfig */,
				01F85F161113E254A30789AA /* Pods-DailyDnDUITests.release.xcconfig */,
			);
			name = Pods;
			sourceTree = "<group>";
		};
		75BD54C721B9F92F003ABD1A = {
			isa = PBXGroup;
			children = (
				75BD54D221B9F92F003ABD1A /* DailyDnD */,
				75BD54E721B9F92F003ABD1A /* DailyDnDTests */,
				75BD54F221B9F92F003ABD1A /* DailyDnDUITests */,
				75BD54D121B9F92F003ABD1A /* Products */,
				1B268E37EA107DD6677BB272 /* Pods */,
				AD691145D4848B4FF7A7DD1C /* Frameworks */,
			);
			sourceTree = "<group>";
		};
		75BD54D121B9F92F003ABD1A /* Products */ = {
			isa = PBXGroup;
			children = (
				75BD54D021B9F92F003ABD1A /* DailyDnD.app */,
				75BD54E421B9F92F003ABD1A /* DailyDnDTests.xctest */,
				75BD54EF21B9F92F003ABD1A /* DailyDnDUITests.xctest */,
			);
			name = Products;
			sourceTree = "<group>";
		};
		75BD54D221B9F92F003ABD1A /* DailyDnD */ = {
			isa = PBXGroup;
			children = (
				75BD54D321B9F92F003ABD1A /* AppDelegate.swift */,
				75BD54D721B9F92F003ABD1A /* Main.storyboard */,
				75BD54D521B9F92F003ABD1A /* IntroViewController.swift */,
				75BD550121BA008B003ABD1A /* CategoriesViewController.swift */,
				750DCC9A21BB2D4A00A8EDBD /* NotificationsScheduler.swift */,
				75BD54DA21B9F92F003ABD1A /* Assets.xcassets */,
				75BD54DC21B9F92F003ABD1A /* LaunchScreen.storyboard */,
				75BD54DF21B9F92F003ABD1A /* Info.plist */,
				75BD550321BA0970003ABD1A /* CategoryCell.swift */,
			);
			path = DailyDnD;
			sourceTree = "<group>";
		};
		75BD54E721B9F92F003ABD1A /* DailyDnDTests */ = {
			isa = PBXGroup;
			children = (
				75BD54E821B9F92F003ABD1A /* DailyDnDTests.swift */,
				75BD54EA21B9F92F003ABD1A /* Info.plist */,
			);
			path = DailyDnDTests;
			sourceTree = "<group>";
		};
		75BD54F221B9F92F003ABD1A /* DailyDnDUITests */ = {
			isa = PBXGroup;
			children = (
				75BD54F321B9F92F003ABD1A /* DailyDnDUITests.swift */,
				75BD54F521B9F92F003ABD1A /* Info.plist */,
			);
			path = DailyDnDUITests;
			sourceTree = "<group>";
		};
		AD691145D4848B4FF7A7DD1C /* Frameworks */ = {
			isa = PBXGroup;
			children = (
				4D3EC83B06CA9F23BB758E00 /* Pods_DailyDnD.framework */,
				3125AF5E935F0AD3F3FF4563 /* Pods_DailyDnDTests.framework */,
				2537CA248BD522D999F59C9E /* Pods_DailyDnDUITests.framework */,
			);
			name = Frameworks;
			sourceTree = "<group>";
		};
/* End PBXGroup section */

/* Begin PBXNativeTarget section */
		75BD54CF21B9F92F003ABD1A /* DailyDnD */ = {
			isa = PBXNativeTarget;
			buildConfigurationList = 75BD54F821B9F92F003ABD1A /* Build configuration list for PBXNativeTarget "DailyDnD" */;
			buildPhases = (
				361A5C2E5937457DF2585B11 /* [CP] Check Pods Manifest.lock */,
				75BD54CC21B9F92F003ABD1A /* Sources */,
				75BD54CD21B9F92F003ABD1A /* Frameworks */,
				75BD54CE21B9F92F003ABD1A /* Resources */,
				A1A75C73F3D65CA8A3AA6768 /* [CP] Embed Pods Frameworks */,
			);
			buildRules = (
			);
			dependencies = (
			);
			name = DailyDnD;
			productName = DailyDnD;
			productReference = 75BD54D021B9F92F003ABD1A /* DailyDnD.app */;
			productType = "com.apple.product-type.application";
		};
		75BD54E321B9F92F003ABD1A /* DailyDnDTests */ = {
			isa = PBXNativeTarget;
			buildConfigurationList = 75BD54FB21B9F92F003ABD1A /* Build configuration list for PBXNativeTarget "DailyDnDTests" */;
			buildPhases = (
				4C936CB309691DA9D4938651 /* [CP] Check Pods Manifest.lock */,
				75BD54E021B9F92F003ABD1A /* Sources */,
				75BD54E121B9F92F003ABD1A /* Frameworks */,
				75BD54E221B9F92F003ABD1A /* Resources */,
			);
			buildRules = (
			);
			dependencies = (
				75BD54E621B9F92F003ABD1A /* PBXTargetDependency */,
			);
			name = DailyDnDTests;
			productName = DailyDnDTests;
			productReference = 75BD54E421B9F92F003ABD1A /* DailyDnDTests.xctest */;
			productType = "com.apple.product-type.bundle.unit-test";
		};
		75BD54EE21B9F92F003ABD1A /* DailyDnDUITests */ = {
			isa = PBXNativeTarget;
			buildConfigurationList = 75BD54FE21B9F92F003ABD1A /* Build configuration list for PBXNativeTarget "DailyDnDUITests" */;
			buildPhases = (
				6BDBE20B5F756ECF2E56F97A /* [CP] Check Pods Manifest.lock */,
				75BD54EB21B9F92F003ABD1A /* Sources */,
				75BD54EC21B9F92F003ABD1A /* Frameworks */,
				75BD54ED21B9F92F003ABD1A /* Resources */,
			);
			buildRules = (
			);
			dependencies = (
				75BD54F121B9F92F003ABD1A /* PBXTargetDependency */,
			);
			name = DailyDnDUITests;
			productName = DailyDnDUITests;
			productReference = 75BD54EF21B9F92F003ABD1A /* DailyDnDUITests.xctest */;
			productType = "com.apple.product-type.bundle.ui-testing";
		};
/* End PBXNativeTarget section */

/* Begin PBXProject section */
		75BD54C821B9F92F003ABD1A /* Project object */ = {
			isa = PBXProject;
			attributes = {
				LastSwiftUpdateCheck = 1010;
				LastUpgradeCheck = 1010;
				ORGANIZATIONNAME = "Paul Carroll";
				TargetAttributes = {
					75BD54CF21B9F92F003ABD1A = {
						CreatedOnToolsVersion = 10.1;
					};
					75BD54E321B9F92F003ABD1A = {
						CreatedOnToolsVersion = 10.1;
						TestTargetID = 75BD54CF21B9F92F003ABD1A;
					};
					75BD54EE21B9F92F003ABD1A = {
						CreatedOnToolsVersion = 10.1;
						TestTargetID = 75BD54CF21B9F92F003ABD1A;
					};
				};
			};
			buildConfigurationList = 75BD54CB21B9F92F003ABD1A /* Build configuration list for PBXProject "DailyDnD" */;
			compatibilityVersion = "Xcode 9.3";
			developmentRegion = en;
			hasScannedForEncodings = 0;
			knownRegions = (
				en,
				Base,
			);
			mainGroup = 75BD54C721B9F92F003ABD1A;
			productRefGroup = 75BD54D121B9F92F003ABD1A /* Products */;
			projectDirPath = "";
			projectRoot = "";
			targets = (
				75BD54CF21B9F92F003ABD1A /* DailyDnD */,
				75BD54E321B9F92F003ABD1A /* DailyDnDTests */,
				75BD54EE21B9F92F003ABD1A /* DailyDnDUITests */,
			);
		};
/* End PBXProject section */

/* Begin PBXResourcesBuildPhase section */
		75BD54CE21B9F92F003ABD1A /* Resources */ = {
			isa = PBXResourcesBuildPhase;
			buildActionMask = 2147483647;
			files = (
				75BD54DE21B9F92F003ABD1A /* LaunchScreen.storyboard in Resources */,
				75BD54DB21B9F92F003ABD1A /* Assets.xcassets in Resources */,
				75BD54D921B9F92F003ABD1A /* Main.storyboard in Resources */,
			);
			runOnlyForDeploymentPostprocessing = 0;
		};
		75BD54E221B9F92F003ABD1A /* Resources */ = {
			isa = PBXResourcesBuildPhase;
			buildActionMask = 2147483647;
			files = (
			);
			runOnlyForDeploymentPostprocessing = 0;
		};
		75BD54ED21B9F92F003ABD1A /* Resources */ = {
			isa = PBXResourcesBuildPhase;
			buildActionMask = 2147483647;
			files = (
			);
			runOnlyForDeploymentPostprocessing = 0;
		};
/* End PBXResourcesBuildPhase section */

/* Begin PBXShellScriptBuildPhase section */
		361A5C2E5937457DF2585B11 /* [CP] Check Pods Manifest.lock */ = {
			isa = PBXShellScriptBuildPhase;
			buildActionMask = 2147483647;
			files = (
			);
			inputPaths = (
				"${PODS_PODFILE_DIR_PATH}/Podfile.lock",
				"${PODS_ROOT}/Manifest.lock",
			);
			name = "[CP] Check Pods Manifest.lock";
			outputPaths = (
				"$(DERIVED_FILE_DIR)/Pods-DailyDnD-checkManifestLockResult.txt",
			);
			runOnlyForDeploymentPostprocessing = 0;
			shellPath = /bin/sh;
			shellScript = "diff \"${PODS_PODFILE_DIR_PATH}/Podfile.lock\" \"${PODS_ROOT}/Manifest.lock\" > /dev/null\nif [ $? != 0 ] ; then\n    # print error to STDERR\n    echo \"error: The sandbox is not in sync with the Podfile.lock. Run 'pod install' or update your CocoaPods installation.\" >&2\n    exit 1\nfi\n# This output is used by Xcode 'outputs' to avoid re-running this script phase.\necho \"SUCCESS\" > \"${SCRIPT_OUTPUT_FILE_0}\"\n";
			showEnvVarsInLog = 0;
		};
		4C936CB309691DA9D4938651 /* [CP] Check Pods Manifest.lock */ = {
			isa = PBXShellScriptBuildPhase;
			buildActionMask = 2147483647;
			files = (
			);
			inputPaths = (
				"${PODS_PODFILE_DIR_PATH}/Podfile.lock",
				"${PODS_ROOT}/Manifest.lock",
			);
			name = "[CP] Check Pods Manifest.lock";
			outputPaths = (
				"$(DERIVED_FILE_DIR)/Pods-DailyDnDTests-checkManifestLockResult.txt",
			);
			runOnlyForDeploymentPostprocessing = 0;
			shellPath = /bin/sh;
			shellScript = "diff \"${PODS_PODFILE_DIR_PATH}/Podfile.lock\" \"${PODS_ROOT}/Manifest.lock\" > /dev/null\nif [ $? != 0 ] ; then\n    # print error to STDERR\n    echo \"error: The sandbox is not in sync with the Podfile.lock. Run 'pod install' or update your CocoaPods installation.\" >&2\n    exit 1\nfi\n# This output is used by Xcode 'outputs' to avoid re-running this script phase.\necho \"SUCCESS\" > \"${SCRIPT_OUTPUT_FILE_0}\"\n";
			showEnvVarsInLog = 0;
		};
		6BDBE20B5F756ECF2E56F97A /* [CP] Check Pods Manifest.lock */ = {
			isa = PBXShellScriptBuildPhase;
			buildActionMask = 2147483647;
			files = (
			);
			inputPaths = (
				"${PODS_PODFILE_DIR_PATH}/Podfile.lock",
				"${PODS_ROOT}/Manifest.lock",
			);
			name = "[CP] Check Pods Manifest.lock";
			outputPaths = (
				"$(DERIVED_FILE_DIR)/Pods-DailyDnDUITests-checkManifestLockResult.txt",
			);
			runOnlyForDeploymentPostprocessing = 0;
			shellPath = /bin/sh;
			shellScript = "diff \"${PODS_PODFILE_DIR_PATH}/Podfile.lock\" \"${PODS_ROOT}/Manifest.lock\" > /dev/null\nif [ $? != 0 ] ; then\n    # print error to STDERR\n    echo \"error: The sandbox is not in sync with the Podfile.lock. Run 'pod install' or update your CocoaPods installation.\" >&2\n    exit 1\nfi\n# This output is used by Xcode 'outputs' to avoid re-running this script phase.\necho \"SUCCESS\" > \"${SCRIPT_OUTPUT_FILE_0}\"\n";
			showEnvVarsInLog = 0;
		};
		A1A75C73F3D65CA8A3AA6768 /* [CP] Embed Pods Frameworks */ = {
			isa = PBXShellScriptBuildPhase;
			buildActionMask = 2147483647;
			files = (
			);
			inputPaths = (
				"${SRCROOT}/Pods/Target Support Files/Pods-DailyDnD/Pods-DailyDnD-frameworks.sh",
				"${BUILT_PRODUCTS_DIR}/Alamofire/Alamofire.framework",
			);
			name = "[CP] Embed Pods Frameworks";
			outputPaths = (
				"${TARGET_BUILD_DIR}/${FRAMEWORKS_FOLDER_PATH}/Alamofire.framework",
			);
			runOnlyForDeploymentPostprocessing = 0;
			shellPath = /bin/sh;
			shellScript = "\"${SRCROOT}/Pods/Target Support Files/Pods-DailyDnD/Pods-DailyDnD-frameworks.sh\"\n";
			showEnvVarsInLog = 0;
		};
/* End PBXShellScriptBuildPhase section */

/* Begin PBXSourcesBuildPhase section */
		75BD54CC21B9F92F003ABD1A /* Sources */ = {
			isa = PBXSourcesBuildPhase;
			buildActionMask = 2147483647;
			files = (
				75BD54D621B9F92F003ABD1A /* IntroViewController.swift in Sources */,
				75BD54D421B9F92F003ABD1A /* AppDelegate.swift in Sources */,
				75BD550221BA008B003ABD1A /* CategoriesViewController.swift in Sources */,
				750DCC9B21BB2D4A00A8EDBD /* NotificationsScheduler.swift in Sources */,
				75BD550421BA0970003ABD1A /* CategoryCell.swift in Sources */,
			);
			runOnlyForDeploymentPostprocessing = 0;
		};
		75BD54E021B9F92F003ABD1A /* Sources */ = {
			isa = PBXSourcesBuildPhase;
			buildActionMask = 2147483647;
			files = (
				75BD54E921B9F92F003ABD1A /* DailyDnDTests.swift in Sources */,
			);
			runOnlyForDeploymentPostprocessing = 0;
		};
		75BD54EB21B9F92F003ABD1A /* Sources */ = {
			isa = PBXSourcesBuildPhase;
			buildActionMask = 2147483647;
			files = (
				75BD54F421B9F92F003ABD1A /* DailyDnDUITests.swift in Sources */,
			);
			runOnlyForDeploymentPostprocessing = 0;
		};
/* End PBXSourcesBuildPhase section */

/* Begin PBXTargetDependency section */
		75BD54E621B9F92F003ABD1A /* PBXTargetDependency */ = {
			isa = PBXTargetDependency;
			target = 75BD54CF21B9F92F003ABD1A /* DailyDnD */;
			targetProxy = 75BD54E521B9F92F003ABD1A /* PBXContainerItemProxy */;
		};
		75BD54F121B9F92F003ABD1A /* PBXTargetDependency */ = {
			isa = PBXTargetDependency;
			target = 75BD54CF21B9F92F003ABD1A /* DailyDnD */;
			targetProxy = 75BD54F021B9F92F003ABD1A /* PBXContainerItemProxy */;
		};
/* End PBXTargetDependency section */

/* Begin PBXVariantGroup section */
		75BD54D721B9F92F003ABD1A /* Main.storyboard */ = {
			isa = PBXVariantGroup;
			children = (
				75BD54D821B9F92F003ABD1A /* Base */,
			);
			name = Main.storyboard;
			sourceTree = "<group>";
		};
		75BD54DC21B9F92F003ABD1A /* LaunchScreen.storyboard */ = {
			isa = PBXVariantGroup;
			children = (
				75BD54DD21B9F92F003ABD1A /* Base */,
			);
			name = LaunchScreen.storyboard;
			sourceTree = "<group>";
		};
/* End PBXVariantGroup section */

/* Begin XCBuildConfiguration section */
		75BD54F621B9F92F003ABD1A /* Debug */ = {
			isa = XCBuildConfiguration;
			buildSettings = {
				ALWAYS_SEARCH_USER_PATHS = NO;
				CLANG_ANALYZER_NONNULL = YES;
				CLANG_ANALYZER_NUMBER_OBJECT_CONVERSION = YES_AGGRESSIVE;
				CLANG_CXX_LANGUAGE_STANDARD = "gnu++14";
				CLANG_CXX_LIBRARY = "libc++";
				CLANG_ENABLE_MODULES = YES;
				CLANG_ENABLE_OBJC_ARC = YES;
				CLANG_ENABLE_OBJC_WEAK = YES;
				CLANG_WARN_BLOCK_CAPTURE_AUTORELEASING = YES;
				CLANG_WARN_BOOL_CONVERSION = YES;
				CLANG_WARN_COMMA = YES;
				CLANG_WARN_CONSTANT_CONVERSION = YES;
				CLANG_WARN_DEPRECATED_OBJC_IMPLEMENTATIONS = YES;
				CLANG_WARN_DIRECT_OBJC_ISA_USAGE = YES_ERROR;
				CLANG_WARN_DOCUMENTATION_COMMENTS = YES;
				CLANG_WARN_EMPTY_BODY = YES;
				CLANG_WARN_ENUM_CONVERSION = YES;
				CLANG_WARN_INFINITE_RECURSION = YES;
				CLANG_WARN_INT_CONVERSION = YES;
				CLANG_WARN_NON_LITERAL_NULL_CONVERSION = YES;
				CLANG_WARN_OBJC_IMPLICIT_RETAIN_SELF = YES;
				CLANG_WARN_OBJC_LITERAL_CONVERSION = YES;
				CLANG_WARN_OBJC_ROOT_CLASS = YES_ERROR;
				CLANG_WARN_RANGE_LOOP_ANALYSIS = YES;
				CLANG_WARN_STRICT_PROTOTYPES = YES;
				CLANG_WARN_SUSPICIOUS_MOVE = YES;
				CLANG_WARN_UNGUARDED_AVAILABILITY = YES_AGGRESSIVE;
				CLANG_WARN_UNREACHABLE_CODE = YES;
				CLANG_WARN__DUPLICATE_METHOD_MATCH = YES;
				CODE_SIGN_IDENTITY = "iPhone Developer";
				COPY_PHASE_STRIP = NO;
				DEBUG_INFORMATION_FORMAT = dwarf;
				ENABLE_STRICT_OBJC_MSGSEND = YES;
				ENABLE_TESTABILITY = YES;
				GCC_C_LANGUAGE_STANDARD = gnu11;
				GCC_DYNAMIC_NO_PIC = NO;
				GCC_NO_COMMON_BLOCKS = YES;
				GCC_OPTIMIZATION_LEVEL = 0;
				GCC_PREPROCESSOR_DEFINITIONS = (
					"DEBUG=1",
					"$(inherited)",
				);
				GCC_WARN_64_TO_32_BIT_CONVERSION = YES;
				GCC_WARN_ABOUT_RETURN_TYPE = YES_ERROR;
				GCC_WARN_UNDECLARED_SELECTOR = YES;
				GCC_WARN_UNINITIALIZED_AUTOS = YES_AGGRESSIVE;
				GCC_WARN_UNUSED_FUNCTION = YES;
				GCC_WARN_UNUSED_VARIABLE = YES;
				IPHONEOS_DEPLOYMENT_TARGET = 12.1;
				MTL_ENABLE_DEBUG_INFO = INCLUDE_SOURCE;
				MTL_FAST_MATH = YES;
				ONLY_ACTIVE_ARCH = YES;
				SDKROOT = iphoneos;
				SWIFT_ACTIVE_COMPILATION_CONDITIONS = DEBUG;
				SWIFT_OPTIMIZATION_LEVEL = "-Onone";
			};
			name = Debug;
		};
		75BD54F721B9F92F003ABD1A /* Release */ = {
			isa = XCBuildConfiguration;
			buildSettings = {
				ALWAYS_SEARCH_USER_PATHS = NO;
				CLANG_ANALYZER_NONNULL = YES;
				CLANG_ANALYZER_NUMBER_OBJECT_CONVERSION = YES_AGGRESSIVE;
				CLANG_CXX_LANGUAGE_STANDARD = "gnu++14";
				CLANG_CXX_LIBRARY = "libc++";
				CLANG_ENABLE_MODULES = YES;
				CLANG_ENABLE_OBJC_ARC = YES;
				CLANG_ENABLE_OBJC_WEAK = YES;
				CLANG_WARN_BLOCK_CAPTURE_AUTORELEASING = YES;
				CLANG_WARN_BOOL_CONVERSION = YES;
				CLANG_WARN_COMMA = YES;
				CLANG_WARN_CONSTANT_CONVERSION = YES;
				CLANG_WARN_DEPRECATED_OBJC_IMPLEMENTATIONS = YES;
				CLANG_WARN_DIRECT_OBJC_ISA_USAGE = YES_ERROR;
				CLANG_WARN_DOCUMENTATION_COMMENTS = YES;
				CLANG_WARN_EMPTY_BODY = YES;
				CLANG_WARN_ENUM_CONVERSION = YES;
				CLANG_WARN_INFINITE_RECURSION = YES;
				CLANG_WARN_INT_CONVERSION = YES;
				CLANG_WARN_NON_LITERAL_NULL_CONVERSION = YES;
				CLANG_WARN_OBJC_IMPLICIT_RETAIN_SELF = YES;
				CLANG_WARN_OBJC_LITERAL_CONVERSION = YES;
				CLANG_WARN_OBJC_ROOT_CLASS = YES_ERROR;
				CLANG_WARN_RANGE_LOOP_ANALYSIS = YES;
				CLANG_WARN_STRICT_PROTOTYPES = YES;
				CLANG_WARN_SUSPICIOUS_MOVE = YES;
				CLANG_WARN_UNGUARDED_AVAILABILITY = YES_AGGRESSIVE;
				CLANG_WARN_UNREACHABLE_CODE = YES;
				CLANG_WARN__DUPLICATE_METHOD_MATCH = YES;
				CODE_SIGN_IDENTITY = "iPhone Developer";
				COPY_PHASE_STRIP = NO;
				DEBUG_INFORMATION_FORMAT = "dwarf-with-dsym";
				ENABLE_NS_ASSERTIONS = NO;
				ENABLE_STRICT_OBJC_MSGSEND = YES;
				GCC_C_LANGUAGE_STANDARD = gnu11;
				GCC_NO_COMMON_BLOCKS = YES;
				GCC_WARN_64_TO_32_BIT_CONVERSION = YES;
				GCC_WARN_ABOUT_RETURN_TYPE = YES_ERROR;
				GCC_WARN_UNDECLARED_SELECTOR = YES;
				GCC_WARN_UNINITIALIZED_AUTOS = YES_AGGRESSIVE;
				GCC_WARN_UNUSED_FUNCTION = YES;
				GCC_WARN_UNUSED_VARIABLE = YES;
				IPHONEOS_DEPLOYMENT_TARGET = 12.1;
				MTL_ENABLE_DEBUG_INFO = NO;
				MTL_FAST_MATH = YES;
				SDKROOT = iphoneos;
				SWIFT_COMPILATION_MODE = wholemodule;
				SWIFT_OPTIMIZATION_LEVEL = "-O";
				VALIDATE_PRODUCT = YES;
			};
			name = Release;
		};
		75BD54F921B9F92F003ABD1A /* Debug */ = {
			isa = XCBuildConfiguration;
			baseConfigurationReference = 3B4D7F6620C9891AB77DE837 /* Pods-DailyDnD.debug.xcconfig */;
			buildSettings = {
				ASSETCATALOG_COMPILER_APPICON_NAME = AppIcon;
				CODE_SIGN_STYLE = Automatic;
				DEVELOPMENT_TEAM = T443E98JT7;
				INFOPLIST_FILE = DailyDnD/Info.plist;
				LD_RUNPATH_SEARCH_PATHS = (
					"$(inherited)",
					"@executable_path/Frameworks",
				);
				PRODUCT_BUNDLE_IDENTIFIER = com.paulcarroll.DailyDnD;
				PRODUCT_NAME = "$(TARGET_NAME)";
				SWIFT_VERSION = 4.2;
				TARGETED_DEVICE_FAMILY = "1,2";
			};
			name = Debug;
		};
		75BD54FA21B9F92F003ABD1A /* Release */ = {
			isa = XCBuildConfiguration;
			baseConfigurationReference = D48CCDC5669816E776FAA8C1 /* Pods-DailyDnD.release.xcconfig */;
			buildSettings = {
				ASSETCATALOG_COMPILER_APPICON_NAME = AppIcon;
				CODE_SIGN_STYLE = Automatic;
				DEVELOPMENT_TEAM = T443E98JT7;
				INFOPLIST_FILE = DailyDnD/Info.plist;
				LD_RUNPATH_SEARCH_PATHS = (
					"$(inherited)",
					"@executable_path/Frameworks",
				);
				PRODUCT_BUNDLE_IDENTIFIER = com.paulcarroll.DailyDnD;
				PRODUCT_NAME = "$(TARGET_NAME)";
				SWIFT_VERSION = 4.2;
				TARGETED_DEVICE_FAMILY = "1,2";
			};
			name = Release;
		};
		75BD54FC21B9F92F003ABD1A /* Debug */ = {
			isa = XCBuildConfiguration;
			baseConfigurationReference = 1713B9A4644F1E33185A8D86 /* Pods-DailyDnDTests.debug.xcconfig */;
			buildSettings = {
				ALWAYS_EMBED_SWIFT_STANDARD_LIBRARIES = YES;
				BUNDLE_LOADER = "$(TEST_HOST)";
				CODE_SIGN_STYLE = Automatic;
				DEVELOPMENT_TEAM = T443E98JT7;
				INFOPLIST_FILE = DailyDnDTests/Info.plist;
				LD_RUNPATH_SEARCH_PATHS = (
					"$(inherited)",
					"@executable_path/Frameworks",
					"@loader_path/Frameworks",
				);
				PRODUCT_BUNDLE_IDENTIFIER = com.paulcarroll.DailyDnDTests;
				PRODUCT_NAME = "$(TARGET_NAME)";
				SWIFT_VERSION = 4.2;
				TARGETED_DEVICE_FAMILY = "1,2";
				TEST_HOST = "$(BUILT_PRODUCTS_DIR)/DailyDnD.app/DailyDnD";
			};
			name = Debug;
		};
		75BD54FD21B9F92F003ABD1A /* Release */ = {
			isa = XCBuildConfiguration;
			baseConfigurationReference = 24F375FB6313341A1E2EFB5E /* Pods-DailyDnDTests.release.xcconfig */;
			buildSettings = {
				ALWAYS_EMBED_SWIFT_STANDARD_LIBRARIES = YES;
				BUNDLE_LOADER = "$(TEST_HOST)";
				CODE_SIGN_STYLE = Automatic;
				DEVELOPMENT_TEAM = T443E98JT7;
				INFOPLIST_FILE = DailyDnDTests/Info.plist;
				LD_RUNPATH_SEARCH_PATHS = (
					"$(inherited)",
					"@executable_path/Frameworks",
					"@loader_path/Frameworks",
				);
				PRODUCT_BUNDLE_IDENTIFIER = com.paulcarroll.DailyDnDTests;
				PRODUCT_NAME = "$(TARGET_NAME)";
				SWIFT_VERSION = 4.2;
				TARGETED_DEVICE_FAMILY = "1,2";
				TEST_HOST = "$(BUILT_PRODUCTS_DIR)/DailyDnD.app/DailyDnD";
			};
			name = Release;
		};
		75BD54FF21B9F92F003ABD1A /* Debug */ = {
			isa = XCBuildConfiguration;
			baseConfigurationReference = 43FC57BC16E82A566844D15D /* Pods-DailyDnDUITests.debug.xcconfig */;
			buildSettings = {
				ALWAYS_EMBED_SWIFT_STANDARD_LIBRARIES = YES;
				CODE_SIGN_STYLE = Automatic;
				DEVELOPMENT_TEAM = T443E98JT7;
				INFOPLIST_FILE = DailyDnDUITests/Info.plist;
				LD_RUNPATH_SEARCH_PATHS = (
					"$(inherited)",
					"@executable_path/Frameworks",
					"@loader_path/Frameworks",
				);
				PRODUCT_BUNDLE_IDENTIFIER = com.paulcarroll.DailyDnDUITests;
				PRODUCT_NAME = "$(TARGET_NAME)";
				SWIFT_VERSION = 4.2;
				TARGETED_DEVICE_FAMILY = "1,2";
				TEST_TARGET_NAME = DailyDnD;
			};
			name = Debug;
		};
		75BD550021B9F92F003ABD1A /* Release */ = {
			isa = XCBuildConfiguration;
			baseConfigurationReference = 01F85F161113E254A30789AA /* Pods-DailyDnDUITests.release.xcconfig */;
			buildSettings = {
				ALWAYS_EMBED_SWIFT_STANDARD_LIBRARIES = YES;
				CODE_SIGN_STYLE = Automatic;
				DEVELOPMENT_TEAM = T443E98JT7;
				INFOPLIST_FILE = DailyDnDUITests/Info.plist;
				LD_RUNPATH_SEARCH_PATHS = (
					"$(inherited)",
					"@executable_path/Frameworks",
					"@loader_path/Frameworks",
				);
				PRODUCT_BUNDLE_IDENTIFIER = com.paulcarroll.DailyDnDUITests;
				PRODUCT_NAME = "$(TARGET_NAME)";
				SWIFT_VERSION = 4.2;
				TARGETED_DEVICE_FAMILY = "1,2";
				TEST_TARGET_NAME = DailyDnD;
			};
			name = Release;
		};
/* End XCBuildConfiguration section */

/* Begin XCConfigurationList section */
		75BD54CB21B9F92F003ABD1A /* Build configuration list for PBXProject "DailyDnD" */ = {
			isa = XCConfigurationList;
			buildConfigurations = (
				75BD54F621B9F92F003ABD1A /* Debug */,
				75BD54F721B9F92F003ABD1A /* Release */,
			);
			defaultConfigurationIsVisible = 0;
			defaultConfigurationName = Release;
		};
		75BD54F821B9F92F003ABD1A /* Build configuration list for PBXNativeTarget "DailyDnD" */ = {
			isa = XCConfigurationList;
			buildConfigurations = (
				75BD54F921B9F92F003ABD1A /* Debug */,
				75BD54FA21B9F92F003ABD1A /* Release */,
			);
			defaultConfigurationIsVisible = 0;
			defaultConfigurationName = Release;
		};
		75BD54FB21B9F92F003ABD1A /* Build configuration list for PBXNativeTarget "DailyDnDTests" */ = {
			isa = XCConfigurationList;
			buildConfigurations = (
				75BD54FC21B9F92F003ABD1A /* Debug */,
				75BD54FD21B9F92F003ABD1A /* Release */,
			);
			defaultConfigurationIsVisible = 0;
			defaultConfigurationName = Release;
		};
		75BD54FE21B9F92F003ABD1A /* Build configuration list for PBXNativeTarget "DailyDnDUITests" */ = {
			isa = XCConfigurationList;
			buildConfigurations = (
				75BD54FF21B9F92F003ABD1A /* Debug */,
				75BD550021B9F92F003ABD1A /* Release */,
			);
			defaultConfigurationIsVisible = 0;
			defaultConfigurationName = Release;
		};
/* End XCConfigurationList section */
	};
	rootObject = 75BD54C821B9F92F003ABD1A /* Project object */;
}
